
Microsoft Visual Studio Solution File, Format Version 12.00
# Visual Studio Version 17
VisualStudioVersion = 17.0.31512.422
MinimumVisualStudioVersion = 10.0.40219.1
Project("{FAE04EC0-301F-11D3-BF4B-00C04F79EFBC}") = "InterestingTaskNo1", "InterestingTaskNo1\InterestingTaskNo1.csproj", "{472C24F0-DEF6-4632-B376-A78AF3708479}"
EndProject
Global
	GlobalSection(SolutionConfigurationPlatforms) = preSolution
		Debug|Any CPU = Debug|Any CPU
		Release|Any CPU = Release|Any CPU
	EndGlobalSection
	GlobalSection(ProjectConfigurationPlatforms) = postSolution
		{472C24F0-DEF6-4632-B376-A78AF3708479}.Debug|Any CPU.ActiveCfg = Debug|Any CPU
		{472C24F0-DEF6-4632-B376-A78AF3708479}.Debug|Any CPU.Build.0 = Debug|Any CPU
		{472C24F0-DEF6-4632-B376-A78AF3708479}.Release|Any CPU.ActiveCfg = Release|Any CPU
		{472C24F0-DEF6-4632-B376-A78AF3708479}.Release|Any CPU.Build.0 = Release|Any CPU
	EndGlobalSection
	GlobalSection(SolutionProperties) = preSolution
		HideSolutionNode = FALSE
	EndGlobalSection
	GlobalSection(ExtensibilityGlobals) = postSolution
		SolutionGuid = {5A68FE74-F7BA-4C4B-B8D9-195E7AE4CD89}
	EndGlobalSection
EndGlobal
